
Microsoft Visual Studio Solution File, Format Version 12.00
Project("{FAE04EC0-301F-11D3-BF4B-00C04F79EFBC}") = "ScheduleParser", "ScheduleParser\ScheduleParser.csproj", "{AF667585-1207-4F3B-9562-489898E57F7A}"
EndProject
Project("{FAE04EC0-301F-11D3-BF4B-00C04F79EFBC}") = "ExamSchedule", "ExamSchedule\ExamSchedule.csproj", "{7059BD05-EB04-4093-A72C-D3E7F2EB1516}"
EndProject
Project("{FAE04EC0-301F-11D3-BF4B-00C04F79EFBC}") = "ScheduleParserCLI", "ScheduleParserCLI\ScheduleParserCLI.csproj", "{C07C7861-91D7-4E74-96ED-4AF9E88FBC7D}"
EndProject
Project("{FAE04EC0-301F-11D3-BF4B-00C04F79EFBC}") = "ExamScheduleTests", "ExamScheduleTests\ExamScheduleTests.csproj", "{C2166CD1-9377-4F01-A67B-C2466FA68B1B}"
EndProject
Project("{FAE04EC0-301F-11D3-BF4B-00C04F79EFBC}") = "TimetableAdapter", "TimetableAdapter\TimetableAdapter.csproj", "{8B2348AF-A29E-400F-979A-F3D5D41E5AAA}"
EndProject
Project("{FAE04EC0-301F-11D3-BF4B-00C04F79EFBC}") = "test", "test\test.csproj", "{CFF597CE-F0FF-459A-8B71-58F818D75210}"
EndProject
Global
	GlobalSection(SolutionConfigurationPlatforms) = preSolution
		Debug|Any CPU = Debug|Any CPU
		Release|Any CPU = Release|Any CPU
	EndGlobalSection
	GlobalSection(ProjectConfigurationPlatforms) = postSolution
		{AF667585-1207-4F3B-9562-489898E57F7A}.Debug|Any CPU.ActiveCfg = Debug|Any CPU
		{AF667585-1207-4F3B-9562-489898E57F7A}.Debug|Any CPU.Build.0 = Debug|Any CPU
		{AF667585-1207-4F3B-9562-489898E57F7A}.Release|Any CPU.ActiveCfg = Release|Any CPU
		{AF667585-1207-4F3B-9562-489898E57F7A}.Release|Any CPU.Build.0 = Release|Any CPU
		{7059BD05-EB04-4093-A72C-D3E7F2EB1516}.Debug|Any CPU.ActiveCfg = Debug|Any CPU
		{7059BD05-EB04-4093-A72C-D3E7F2EB1516}.Debug|Any CPU.Build.0 = Debug|Any CPU
		{7059BD05-EB04-4093-A72C-D3E7F2EB1516}.Release|Any CPU.ActiveCfg = Release|Any CPU
		{7059BD05-EB04-4093-A72C-D3E7F2EB1516}.Release|Any CPU.Build.0 = Release|Any CPU
		{C07C7861-91D7-4E74-96ED-4AF9E88FBC7D}.Debug|Any CPU.ActiveCfg = Debug|Any CPU
		{C07C7861-91D7-4E74-96ED-4AF9E88FBC7D}.Debug|Any CPU.Build.0 = Debug|Any CPU
		{C07C7861-91D7-4E74-96ED-4AF9E88FBC7D}.Release|Any CPU.ActiveCfg = Release|Any CPU
		{C07C7861-91D7-4E74-96ED-4AF9E88FBC7D}.Release|Any CPU.Build.0 = Release|Any CPU
		{C2166CD1-9377-4F01-A67B-C2466FA68B1B}.Debug|Any CPU.ActiveCfg = Debug|Any CPU
		{C2166CD1-9377-4F01-A67B-C2466FA68B1B}.Debug|Any CPU.Build.0 = Debug|Any CPU
		{C2166CD1-9377-4F01-A67B-C2466FA68B1B}.Release|Any CPU.ActiveCfg = Release|Any CPU
		{C2166CD1-9377-4F01-A67B-C2466FA68B1B}.Release|Any CPU.Build.0 = Release|Any CPU
		{8B2348AF-A29E-400F-979A-F3D5D41E5AAA}.Debug|Any CPU.ActiveCfg = Debug|Any CPU
		{8B2348AF-A29E-400F-979A-F3D5D41E5AAA}.Debug|Any CPU.Build.0 = Debug|Any CPU
		{8B2348AF-A29E-400F-979A-F3D5D41E5AAA}.Release|Any CPU.ActiveCfg = Release|Any CPU
		{8B2348AF-A29E-400F-979A-F3D5D41E5AAA}.Release|Any CPU.Build.0 = Release|Any CPU
		{CFF597CE-F0FF-459A-8B71-58F818D75210}.Debug|Any CPU.ActiveCfg = Debug|Any CPU
		{CFF597CE-F0FF-459A-8B71-58F818D75210}.Debug|Any CPU.Build.0 = Debug|Any CPU
		{CFF597CE-F0FF-459A-8B71-58F818D75210}.Release|Any CPU.ActiveCfg = Release|Any CPU
		{CFF597CE-F0FF-459A-8B71-58F818D75210}.Release|Any CPU.Build.0 = Release|Any CPU
	EndGlobalSection
EndGlobal
